{
  "version": 4,
  "terraform_version": "1.5.4",
  "serial": 4,
  "lineage": "7cd2d793-ad01-359a-2553-0e5fa4182a3e",
  "outputs": {},
  "resources": [
    {
      "mode": "managed",
      "type": "github_branch",
      "name": "dev",
      "provider": "provider[\"registry.terraform.io/integrations/github\"]",
      "instances": [
        {
          "schema_version": 0,
          "attributes": {
            "branch": "desenvolvimento",
            "etag": "W/\"999fbb64f2bc147bd6042876820fcb2bbcd25f3957a3789eb95971c45af6483c\"",
            "id": "terraform_go_horse_lab:desenvolvimento",
            "ref": "refs/heads/desenvolvimento",
            "repository": "terraform_go_horse_lab",
            "sha": "93e5681cabc542c30cdfe301ddf1269df207dea8",
            "source_branch": "main",
            "source_sha": "93e5681cabc542c30cdfe301ddf1269df207dea8"
          },
          "sensitive_attributes": [],
          "private": "bnVsbA==",
          "dependencies": [
            "github_repository.terraform_go_horse_lab"
          ]
        }
      ]
    },
    {
      "mode": "managed",
      "type": "github_branch",
      "name": "hom",
      "provider": "provider[\"registry.terraform.io/integrations/github\"]",
      "instances": [
        {
          "schema_version": 0,
          "attributes": {
            "branch": "homologacao",
            "etag": "W/\"de57dc2aaf0f79ceef6c11e8203075cddd808acd1176962db4ac0d9cc5622ae2\"",
            "id": "terraform_go_horse_lab:homologacao",
            "ref": "refs/heads/homologacao",
            "repository": "terraform_go_horse_lab",
            "sha": "93e5681cabc542c30cdfe301ddf1269df207dea8",
            "source_branch": "main",
            "source_sha": "93e5681cabc542c30cdfe301ddf1269df207dea8"
          },
          "sensitive_attributes": [],
          "private": "bnVsbA==",
          "dependencies": [
            "github_repository.terraform_go_horse_lab"
          ]
        }
      ]
    },
    {
      "mode": "managed",
      "type": "github_repository",
      "name": "terraform_go_horse_lab",
      "provider": "provider[\"registry.terraform.io/integrations/github\"]",
      "instances": [
        {
          "schema_version": 1,
          "attributes": {
            "allow_auto_merge": false,
            "allow_merge_commit": true,
            "allow_rebase_merge": true,
            "allow_squash_merge": true,
            "allow_update_branch": false,
            "archive_on_destroy": null,
            "archived": false,
            "auto_init": null,
            "default_branch": "main",
            "delete_branch_on_merge": false,
            "description": "Repositório criado pelo Terraform no projeto Terraform Go Horse!",
            "etag": "W/\"6f123116aec761a46bd45a76d2f1fbdb628c804b2e34031746c9e1987e26fba4\"",
            "full_name": "acoutinho1402/terraform_go_horse_lab",
            "git_clone_url": "git://github.com/acoutinho1402/terraform_go_horse_lab.git",
            "gitignore_template": "Terraform",
            "has_discussions": false,
            "has_downloads": false,
            "has_issues": true,
            "has_projects": false,
            "has_wiki": false,
            "homepage_url": "",
            "html_url": "https://github.com/acoutinho1402/terraform_go_horse_lab",
            "http_clone_url": "https://github.com/acoutinho1402/terraform_go_horse_lab.git",
            "id": "terraform_go_horse_lab",
            "ignore_vulnerability_alerts_during_read": null,
            "is_template": false,
            "license_template": "cc-by-4.0",
            "merge_commit_message": "PR_TITLE",
            "merge_commit_title": "MERGE_MESSAGE",
            "name": "terraform_go_horse_lab",
            "node_id": "R_kgDOKEbVLA",
            "pages": [],
            "private": false,
            "repo_id": 675730732,
            "security_and_analysis": [
              {
                "advanced_security": [],
                "secret_scanning": [
                  {
                    "status": "disabled"
                  }
                ],
                "secret_scanning_push_protection": [
                  {
                    "status": "disabled"
                  }
                ]
              }
            ],
            "squash_merge_commit_message": "COMMIT_MESSAGES",
            "squash_merge_commit_title": "COMMIT_OR_PR_TITLE",
            "ssh_clone_url": "git@github.com:acoutinho1402/terraform_go_horse_lab.git",
            "svn_url": "https://github.com/acoutinho1402/terraform_go_horse_lab",
            "template": [],
            "topics": null,
            "visibility": "public",
            "vulnerability_alerts": false
          },
          "sensitive_attributes": [],
          "private": "eyJzY2hlbWFfdmVyc2lvbiI6IjEifQ=="
        }
      ]
    }
  ],
  "check_results": null
}
